{
  "name": "server-files",
  "version": "1.0.0",
  "lockfileVersion": 3,
  "requires": true,
  "packages": {
    "": {
      "name": "server-files",
      "version": "1.0.0",
      "license": "ISC",
      "devDependencies": {
        "@ragempcommunity/types-client": "^2.1.8",
        "@ragempcommunity/types-server": "^2.1.8"
      }
    },
    "node_modules/@ragempcommunity/types-client": {
      "version": "2.1.8",
      "resolved": "https://registry.npmjs.org/@ragempcommunity/types-client/-/types-client-2.1.8.tgz",
      "integrity": "sha512-l7V0DOkSsTixJofcSINUhkR70LTaHdPkjtpLyFbhVEVXzEOJxMfYRC9dYXGhkwjZX+46ubZan3lSUZpywObLvQ==",
      "dev": true,
      "license": "MIT"
    },
    "node_modules/@ragempcommunity/types-server": {
      "version": "2.1.8",
      "resolved": "https://registry.npmjs.org/@ragempcommunity/types-server/-/types-server-2.1.8.tgz",
      "integrity": "sha512-evAXoLnFvyHFtusVmpjd4OPcc+gJNp3rVWA056ss5eOc1dqFiehuGGAmFAzcvcWnUuMR9PmL8LSXc2jWR9N4pw==",
      "dev": true,
      "license": "MIT"
    }
  }
}
